// !$*UTF8*$!
{
	archiveVersion = 1;
	classes = {
	};
	objectVersion = 55;
	objects = {

/* Begin PBXBuildFile section */
		1100C1AD28A8C679002BC434 /* Drawing_Sandbox3.swift in Sources */ = {isa = PBXBuildFile; fileRef = 1100C1AC28A8C679002BC434 /* Drawing_Sandbox3.swift */; };
		1100C1AF28A9F34C002BC434 /* Drawing_Sandbox4.swift in Sources */ = {isa = PBXBuildFile; fileRef = 1100C1AE28A9F34C002BC434 /* Drawing_Sandbox4.swift */; };
		1100C1B128A9F79A002BC434 /* Drawing_Sandbox5.swift in Sources */ = {isa = PBXBuildFile; fileRef = 1100C1B028A9F79A002BC434 /* Drawing_Sandbox5.swift */; };
		11E3FA7628A66CEE004D3933 /* DrawingApp.swift in Sources */ = {isa = PBXBuildFile; fileRef = 11E3FA7528A66CEE004D3933 /* DrawingApp.swift */; };
		11E3FA7828A66CEE004D3933 /* ContentView.swift in Sources */ = {isa = PBXBuildFile; fileRef = 11E3FA7728A66CEE004D3933 /* ContentView.swift */; };
		11E3FA7A28A66CEF004D3933 /* Assets.xcassets in Resources */ = {isa = PBXBuildFile; fileRef = 11E3FA7928A66CEF004D3933 /* Assets.xcassets */; };
		11E3FA7D28A66CEF004D3933 /* Preview Assets.xcassets in Resources */ = {isa = PBXBuildFile; fileRef = 11E3FA7C28A66CEF004D3933 /* Preview Assets.xcassets */; };
		11E3FA8428A687F2004D3933 /* Drawing_Sandbox.swift in Sources */ = {isa = PBXBuildFile; fileRef = 11E3FA8328A687F2004D3933 /* Drawing_Sandbox.swift */; };
		11E3FA8628A68BE8004D3933 /* Drawing_Sandbox2.swift in Sources */ = {isa = PBXBuildFile; fileRef = 11E3FA8528A68BE8004D3933 /* Drawing_Sandbox2.swift */; };
/* End PBXBuildFile section */

/* Begin PBXFileReference section */
		1100C1AC28A8C679002BC434 /* Drawing_Sandbox3.swift */ = {isa = PBXFileReference; lastKnownFileType = sourcecode.swift; path = Drawing_Sandbox3.swift; sourceTree = "<group>"; };
		1100C1AE28A9F34C002BC434 /* Drawing_Sandbox4.swift */ = {isa = PBXFileReference; lastKnownFileType = sourcecode.swift; path = Drawing_Sandbox4.swift; sourceTree = "<group>"; };
		1100C1B028A9F79A002BC434 /* Drawing_Sandbox5.swift */ = {isa = PBXFileReference; lastKnownFileType = sourcecode.swift; path = Drawing_Sandbox5.swift; sourceTree = "<group>"; };
		11E3FA7228A66CEE004D3933 /* Drawing.app */ = {isa = PBXFileReference; explicitFileType = wrapper.application; includeInIndex = 0; path = Drawing.app; sourceTree = BUILT_PRODUCTS_DIR; };
		11E3FA7528A66CEE004D3933 /* DrawingApp.swift */ = {isa = PBXFileReference; lastKnownFileType = sourcecode.swift; path = DrawingApp.swift; sourceTree = "<group>"; };
		11E3FA7728A66CEE004D3933 /* ContentView.swift */ = {isa = PBXFileReference; lastKnownFileType = sourcecode.swift; path = ContentView.swift; sourceTree = "<group>"; };
		11E3FA7928A66CEF004D3933 /* Assets.xcassets */ = {isa = PBXFileReference; lastKnownFileType = folder.assetcatalog; path = Assets.xcassets; sourceTree = "<group>"; };
		11E3FA7C28A66CEF004D3933 /* Preview Assets.xcassets */ = {isa = PBXFileReference; lastKnownFileType = folder.assetcatalog; path = "Preview Assets.xcassets"; sourceTree = "<group>"; };
		11E3FA8328A687F2004D3933 /* Drawing_Sandbox.swift */ = {isa = PBXFileReference; lastKnownFileType = sourcecode.swift; path = Drawing_Sandbox.swift; sourceTree = "<group>"; };
		11E3FA8528A68BE8004D3933 /* Drawing_Sandbox2.swift */ = {isa = PBXFileReference; lastKnownFileType = sourcecode.swift; path = Drawing_Sandbox2.swift; sourceTree = "<group>"; };
/* End PBXFileReference section */

/* Begin PBXFrameworksBuildPhase section */
		11E3FA6F28A66CEE004D3933 /* Frameworks */ = {
			isa = PBXFrameworksBuildPhase;
			buildActionMask = 2147483647;
			files = (
			);
			runOnlyForDeploymentPostprocessing = 0;
		};
/* End PBXFrameworksBuildPhase section */

/* Begin PBXGroup section */
		11E3FA6928A66CEE004D3933 = {
			isa = PBXGroup;
			children = (
				11E3FA7428A66CEE004D3933 /* Drawing */,
				11E3FA7328A66CEE004D3933 /* Products */,
			);
			sourceTree = "<group>";
		};
		11E3FA7328A66CEE004D3933 /* Products */ = {
			isa = PBXGroup;
			children = (
				11E3FA7228A66CEE004D3933 /* Drawing.app */,
			);
			name = Products;
			sourceTree = "<group>";
		};
		11E3FA7428A66CEE004D3933 /* Drawing */ = {
			isa = PBXGroup;
			children = (
				11E3FA7528A66CEE004D3933 /* DrawingApp.swift */,
				11E3FA7728A66CEE004D3933 /* ContentView.swift */,
				11E3FA8328A687F2004D3933 /* Drawing_Sandbox.swift */,
				11E3FA8528A68BE8004D3933 /* Drawing_Sandbox2.swift */,
				1100C1AC28A8C679002BC434 /* Drawing_Sandbox3.swift */,
				1100C1AE28A9F34C002BC434 /* Drawing_Sandbox4.swift */,
				1100C1B028A9F79A002BC434 /* Drawing_Sandbox5.swift */,
				11E3FA7928A66CEF004D3933 /* Assets.xcassets */,
				11E3FA7B28A66CEF004D3933 /* Preview Content */,
			);
			path = Drawing;
			sourceTree = "<group>";
		};
		11E3FA7B28A66CEF004D3933 /* Preview Content */ = {
			isa = PBXGroup;
			children = (
				11E3FA7C28A66CEF004D3933 /* Preview Assets.xcassets */,
			);
			path = "Preview Content";
			sourceTree = "<group>";
		};
/* End PBXGroup section */

/* Begin PBXNativeTarget section */
		11E3FA7128A66CEE004D3933 /* Drawing */ = {
			isa = PBXNativeTarget;
			buildConfigurationList = 11E3FA8028A66CEF004D3933 /* Build configuration list for PBXNativeTarget "Drawing" */;
			buildPhases = (
				11E3FA6E28A66CEE004D3933 /* Sources */,
				11E3FA6F28A66CEE004D3933 /* Frameworks */,
				11E3FA7028A66CEE004D3933 /* Resources */,
			);
			buildRules = (
			);
			dependencies = (
			);
			name = Drawing;
			productName = Drawing;
			productReference = 11E3FA7228A66CEE004D3933 /* Drawing.app */;
			productType = "com.apple.product-type.application";
		};
/* End PBXNativeTarget section */

/* Begin PBXProject section */
		11E3FA6A28A66CEE004D3933 /* Project object */ = {
			isa = PBXProject;
			attributes = {
				BuildIndependentTargetsInParallel = 1;
				LastSwiftUpdateCheck = 1340;
				LastUpgradeCheck = 1340;
				TargetAttributes = {
					11E3FA7128A66CEE004D3933 = {
						CreatedOnToolsVersion = 13.4.1;
					};
				};
			};
			buildConfigurationList = 11E3FA6D28A66CEE004D3933 /* Build configuration list for PBXProject "Drawing" */;
			compatibilityVersion = "Xcode 13.0";
			developmentRegion = en;
			hasScannedForEncodings = 0;
			knownRegions = (
				en,
				Base,
			);
			mainGroup = 11E3FA6928A66CEE004D3933;
			productRefGroup = 11E3FA7328A66CEE004D3933 /* Products */;
			projectDirPath = "";
			projectRoot = "";
			targets = (
				11E3FA7128A66CEE004D3933 /* Drawing */,
			);
		};
/* End PBXProject section */

/* Begin PBXResourcesBuildPhase section */
		11E3FA7028A66CEE004D3933 /* Resources */ = {
			isa = PBXResourcesBuildPhase;
			buildActionMask = 2147483647;
			files = (
				11E3FA7D28A66CEF004D3933 /* Preview Assets.xcassets in Resources */,
				11E3FA7A28A66CEF004D3933 /* Assets.xcassets in Resources */,
			);
			runOnlyForDeploymentPostprocessing = 0;
		};
/* End PBXResourcesBuildPhase section */

/* Begin PBXSourcesBuildPhase section */
		11E3FA6E28A66CEE004D3933 /* Sources */ = {
			isa = PBXSourcesBuildPhase;
			buildActionMask = 2147483647;
			files = (
				11E3FA7828A66CEE004D3933 /* ContentView.swift in Sources */,
				1100C1B128A9F79A002BC434 /* Drawing_Sandbox5.swift in Sources */,
				11E3FA8628A68BE8004D3933 /* Drawing_Sandbox2.swift in Sources */,
				11E3FA8428A687F2004D3933 /* Drawing_Sandbox.swift in Sources */,
				1100C1AF28A9F34C002BC434 /* Drawing_Sandbox4.swift in Sources */,
				1100C1AD28A8C679002BC434 /* Drawing_Sandbox3.swift in Sources */,
				11E3FA7628A66CEE004D3933 /* DrawingApp.swift in Sources */,
			);
			runOnlyForDeploymentPostprocessing = 0;
		};
/* End PBXSourcesBuildPhase section */

/* Begin XCBuildConfiguration section */
		11E3FA7E28A66CEF004D3933 /* Debug */ = {
			isa = XCBuildConfiguration;
			buildSettings = {
				ALWAYS_SEARCH_USER_PATHS = NO;
				CLANG_ANALYZER_NONNULL = YES;
				CLANG_ANALYZER_NUMBER_OBJECT_CONVERSION = YES_AGGRESSIVE;
				CLANG_CXX_LANGUAGE_STANDARD = "gnu++17";
				CLANG_ENABLE_MODULES = YES;
				CLANG_ENABLE_OBJC_ARC = YES;
				CLANG_ENABLE_OBJC_WEAK = YES;
				CLANG_WARN_BLOCK_CAPTURE_AUTORELEASING = YES;
				CLANG_WARN_BOOL_CONVERSION = YES;
				CLANG_WARN_COMMA = YES;
				CLANG_WARN_CONSTANT_CONVERSION = YES;
				CLANG_WARN_DEPRECATED_OBJC_IMPLEMENTATIONS = YES;
				CLANG_WARN_DIRECT_OBJC_ISA_USAGE = YES_ERROR;
				CLANG_WARN_DOCUMENTATION_COMMENTS = YES;
				CLANG_WARN_EMPTY_BODY = YES;
				CLANG_WARN_ENUM_CONVERSION = YES;
				CLANG_WARN_INFINITE_RECURSION = YES;
				CLANG_WARN_INT_CONVERSION = YES;
				CLANG_WARN_NON_LITERAL_NULL_CONVERSION = YES;
				CLANG_WARN_OBJC_IMPLICIT_RETAIN_SELF = YES;
				CLANG_WARN_OBJC_LITERAL_CONVERSION = YES;
				CLANG_WARN_OBJC_ROOT_CLASS = YES_ERROR;
				CLANG_WARN_QUOTED_INCLUDE_IN_FRAMEWORK_HEADER = YES;
				CLANG_WARN_RANGE_LOOP_ANALYSIS = YES;
				CLANG_WARN_STRICT_PROTOTYPES = YES;
				CLANG_WARN_SUSPICIOUS_MOVE = YES;
				CLANG_WARN_UNGUARDED_AVAILABILITY = YES_AGGRESSIVE;
				CLANG_WARN_UNREACHABLE_CODE = YES;
				CLANG_WARN__DUPLICATE_METHOD_MATCH = YES;
				COPY_PHASE_STRIP = NO;
				DEBUG_INFORMATION_FORMAT = dwarf;
				ENABLE_STRICT_OBJC_MSGSEND = YES;
				ENABLE_TESTABILITY = YES;
				GCC_C_LANGUAGE_STANDARD = gnu11;
				GCC_DYNAMIC_NO_PIC = NO;
				GCC_NO_COMMON_BLOCKS = YES;
				GCC_OPTIMIZATION_LEVEL = 0;
				GCC_PREPROCESSOR_DEFINITIONS = (
					"DEBUG=1",
					"$(inherited)",
				);
				GCC_WARN_64_TO_32_BIT_CONVERSION = YES;
				GCC_WARN_ABOUT_RETURN_TYPE = YES_ERROR;
				GCC_WARN_UNDECLARED_SELECTOR = YES;
				GCC_WARN_UNINITIALIZED_AUTOS = YES_AGGRESSIVE;
				GCC_WARN_UNUSED_FUNCTION = YES;
				GCC_WARN_UNUSED_VARIABLE = YES;
				IPHONEOS_DEPLOYMENT_TARGET = 15.5;
				MTL_ENABLE_DEBUG_INFO = INCLUDE_SOURCE;
				MTL_FAST_MATH = YES;
				ONLY_ACTIVE_ARCH = YES;
				SDKROOT = iphoneos;
				SWIFT_ACTIVE_COMPILATION_CONDITIONS = DEBUG;
				SWIFT_OPTIMIZATION_LEVEL = "-Onone";
			};
			name = Debug;
		};
		11E3FA7F28A66CEF004D3933 /* Release */ = {
			isa = XCBuildConfiguration;
			buildSettings = {
				ALWAYS_SEARCH_USER_PATHS = NO;
				CLANG_ANALYZER_NONNULL = YES;
				CLANG_ANALYZER_NUMBER_OBJECT_CONVERSION = YES_AGGRESSIVE;
				CLANG_CXX_LANGUAGE_STANDARD = "gnu++17";
				CLANG_ENABLE_MODULES = YES;
				CLANG_ENABLE_OBJC_ARC = YES;
				CLANG_ENABLE_OBJC_WEAK = YES;
				CLANG_WARN_BLOCK_CAPTURE_AUTORELEASING = YES;
				CLANG_WARN_BOOL_CONVERSION = YES;
				CLANG_WARN_COMMA = YES;
				CLANG_WARN_CONSTANT_CONVERSION = YES;
				CLANG_WARN_DEPRECATED_OBJC_IMPLEMENTATIONS = YES;
				CLANG_WARN_DIRECT_OBJC_ISA_USAGE = YES_ERROR;
				CLANG_WARN_DOCUMENTATION_COMMENTS = YES;
				CLANG_WARN_EMPTY_BODY = YES;
				CLANG_WARN_ENUM_CONVERSION = YES;
				CLANG_WARN_INFINITE_RECURSION = YES;
				CLANG_WARN_INT_CONVERSION = YES;
				CLANG_WARN_NON_LITERAL_NULL_CONVERSION = YES;
				CLANG_WARN_OBJC_IMPLICIT_RETAIN_SELF = YES;
				CLANG_WARN_OBJC_LITERAL_CONVERSION = YES;
				CLANG_WARN_OBJC_ROOT_CLASS = YES_ERROR;
				CLANG_WARN_QUOTED_INCLUDE_IN_FRAMEWORK_HEADER = YES;
				CLANG_WARN_RANGE_LOOP_ANALYSIS = YES;
				CLANG_WARN_STRICT_PROTOTYPES = YES;
				CLANG_WARN_SUSPICIOUS_MOVE = YES;
				CLANG_WARN_UNGUARDED_AVAILABILITY = YES_AGGRESSIVE;
				CLANG_WARN_UNREACHABLE_CODE = YES;
				CLANG_WARN__DUPLICATE_METHOD_MATCH = YES;
				COPY_PHASE_STRIP = NO;
				DEBUG_INFORMATION_FORMAT = "dwarf-with-dsym";
				ENABLE_NS_ASSERTIONS = NO;
				ENABLE_STRICT_OBJC_MSGSEND = YES;
				GCC_C_LANGUAGE_STANDARD = gnu11;
				GCC_NO_COMMON_BLOCKS = YES;
				GCC_WARN_64_TO_32_BIT_CONVERSION = YES;
				GCC_WARN_ABOUT_RETURN_TYPE = YES_ERROR;
				GCC_WARN_UNDECLARED_SELECTOR = YES;
				GCC_WARN_UNINITIALIZED_AUTOS = YES_AGGRESSIVE;
				GCC_WARN_UNUSED_FUNCTION = YES;
				GCC_WARN_UNUSED_VARIABLE = YES;
				IPHONEOS_DEPLOYMENT_TARGET = 15.5;
				MTL_ENABLE_DEBUG_INFO = NO;
				MTL_FAST_MATH = YES;
				SDKROOT = iphoneos;
				SWIFT_COMPILATION_MODE = wholemodule;
				SWIFT_OPTIMIZATION_LEVEL = "-O";
				VALIDATE_PRODUCT = YES;
			};
			name = Release;
		};
		11E3FA8128A66CEF004D3933 /* Debug */ = {
			isa = XCBuildConfiguration;
			buildSettings = {
				ASSETCATALOG_COMPILER_APPICON_NAME = AppIcon;
				ASSETCATALOG_COMPILER_GLOBAL_ACCENT_COLOR_NAME = AccentColor;
				CODE_SIGN_STYLE = Automatic;
				CURRENT_PROJECT_VERSION = 1;
				DEVELOPMENT_ASSET_PATHS = "\"Drawing/Preview Content\"";
				ENABLE_PREVIEWS = YES;
				GENERATE_INFOPLIST_FILE = YES;
				INFOPLIST_KEY_UIApplicationSceneManifest_Generation = YES;
				INFOPLIST_KEY_UIApplicationSupportsIndirectInputEvents = YES;
				INFOPLIST_KEY_UILaunchScreen_Generation = YES;
				INFOPLIST_KEY_UISupportedInterfaceOrientations_iPad = "UIInterfaceOrientationPortrait UIInterfaceOrientationPortraitUpsideDown UIInterfaceOrientationLandscapeLeft UIInterfaceOrientationLandscapeRight";
				INFOPLIST_KEY_UISupportedInterfaceOrientations_iPhone = "UIInterfaceOrientationPortrait UIInterfaceOrientationLandscapeLeft UIInterfaceOrientationLandscapeRight";
				LD_RUNPATH_SEARCH_PATHS = (
					"$(inherited)",
					"@executable_path/Frameworks",
				);
				MARKETING_VERSION = 1.0;
				PRODUCT_BUNDLE_IDENTIFIER = me.futaba.xyz.Drawing;
				PRODUCT_NAME = "$(TARGET_NAME)";
				SWIFT_EMIT_LOC_STRINGS = YES;
				SWIFT_VERSION = 5.0;
				TARGETED_DEVICE_FAMILY = "1,2";
			};
			name = Debug;
		};
		11E3FA8228A66CEF004D3933 /* Release */ = {
			isa = XCBuildConfiguration;
			buildSettings = {
				ASSETCATALOG_COMPILER_APPICON_NAME = AppIcon;
				ASSETCATALOG_COMPILER_GLOBAL_ACCENT_COLOR_NAME = AccentColor;
				CODE_SIGN_STYLE = Automatic;
				CURRENT_PROJECT_VERSION = 1;
				DEVELOPMENT_ASSET_PATHS = "\"Drawing/Preview Content\"";
				ENABLE_PREVIEWS = YES;
				GENERATE_INFOPLIST_FILE = YES;
				INFOPLIST_KEY_UIApplicationSceneManifest_Generation = YES;
				INFOPLIST_KEY_UIApplicationSupportsIndirectInputEvents = YES;
				INFOPLIST_KEY_UILaunchScreen_Generation = YES;
				INFOPLIST_KEY_UISupportedInterfaceOrientations_iPad = "UIInterfaceOrientationPortrait UIInterfaceOrientationPortraitUpsideDown UIInterfaceOrientationLandscapeLeft UIInterfaceOrientationLandscapeRight";
				INFOPLIST_KEY_UISupportedInterfaceOrientations_iPhone = "UIInterfaceOrientationPortrait UIInterfaceOrientationLandscapeLeft UIInterfaceOrientationLandscapeRight";
				LD_RUNPATH_SEARCH_PATHS = (
					"$(inherited)",
					"@executable_path/Frameworks",
				);
				MARKETING_VERSION = 1.0;
				PRODUCT_BUNDLE_IDENTIFIER = me.futaba.xyz.Drawing;
				PRODUCT_NAME = "$(TARGET_NAME)";
				SWIFT_EMIT_LOC_STRINGS = YES;
				SWIFT_VERSION = 5.0;
				TARGETED_DEVICE_FAMILY = "1,2";
			};
			name = Release;
		};
/* End XCBuildConfiguration section */

/* Begin XCConfigurationList section */
		11E3FA6D28A66CEE004D3933 /* Build configuration list for PBXProject "Drawing" */ = {
			isa = XCConfigurationList;
			buildConfigurations = (
				11E3FA7E28A66CEF004D3933 /* Debug */,
				11E3FA7F28A66CEF004D3933 /* Release */,
			);
			defaultConfigurationIsVisible = 0;
			defaultConfigurationName = Release;
		};
		11E3FA8028A66CEF004D3933 /* Build configuration list for PBXNativeTarget "Drawing" */ = {
			isa = XCConfigurationList;
			buildConfigurations = (
				11E3FA8128A66CEF004D3933 /* Debug */,
				11E3FA8228A66CEF004D3933 /* Release */,
			);
			defaultConfigurationIsVisible = 0;
			defaultConfigurationName = Release;
		};
/* End XCConfigurationList section */
	};
	rootObject = 11E3FA6A28A66CEE004D3933 /* Project object */;
}
